{
  "version": "5",
  "redirects": {
    "https://esm.sh/@supabase/supabase-js@2": "https://esm.sh/@supabase/supabase-js@2.112.3"
  },
  "remote": {
    "https://esm.sh/@supabase/supabase-js@2.112.3": "f6b9130984301066587e8917dfab3b3d60be47dc966bd3d04c733bc9423c1cf9"
  },
  "workspace": {
    "packageJson": {
      "dependencies": [
        "npm:@babel/core@^7.28.6",
        "npm:@config-plugins/react-native-branch@12",
        "npm:@esbuild-kit/core-utils@^3.3.2",
        "npm:@esbuild-kit/esm-loader@^2.6.5",
        "npm:@expo/metro-runtime@~55.0.12",
        "npm:@expo/vector-icons@^15.0.3",
        "npm:@fastify/busboy@^3.2.0",
        "npm:@heycatch/sdk@0.7",
        "npm:@invertase/react-native-apple-authentication@^2.5.1",
        "npm:@playwright/test@^1.61.1",
        "npm:@react-native-async-storage/async-storage@2.2.0",
        "npm:@react-native-community/cli@latest",
        "npm:@react-native-community/datetimepicker@8.6.0",
        "npm:@react-native-community/netinfo@11.5.2",
        "npm:@react-native-google-signin/google-signin@^16.1.1",
        "npm:@react-native/metro-config@~0.83.1",
        "npm:@react-navigation/bottom-tabs@^7.4.0",
        "npm:@react-navigation/elements@^2.9.5",
        "npm:@sentry/react-native@7.11",
        "npm:@stripe/stripe-identity-react-native@0.9.0",
        "npm:@stripe/stripe-react-native@0.66.0",
        "npm:@supabase/supabase-js@^2.93.1",
        "npm:@testing-library/react-native@^13.3.3",
        "npm:@types/jest@29.5.14",
        "npm:@types/node@^25.0.10",
        "npm:@types/react@~19.2.10",
        "npm:@types/supertest@^6.0.3",
        "npm:@typescript-eslint/eslint-plugin@^8.54.0",
        "npm:@typescript-eslint/parser@^8.54.0",
        "npm:babel-plugin-module-resolver@^5.0.2",
        "npm:babel-preset-expo@~55.0.23",
        "npm:base64-arraybuffer@^1.0.2",
        "npm:class-variance-authority@~0.7.1",
        "npm:clsx@^2.1.1",
        "npm:cors@^2.8.6",
        "npm:cross-env@^7.0.3",
        "npm:date-fns@^4.1.0",
        "npm:dotenv@^17.2.3",
        "npm:drizzle-kit@~0.31.8",
        "npm:eas@0.1",
        "npm:esbuild@~0.27.2",
        "npm:eslint-config-expo@~55.0.1",
        "npm:eslint-plugin-react-native-a11y@^3.5.1",
        "npm:eslint@8",
        "npm:expo-apple-authentication@~55.0.17",
        "npm:expo-application@~55.0.19",
        "npm:expo-asset@~55.0.20",
        "npm:expo-auth-session@~55.0.18",
        "npm:expo-blur@~55.0.18",
        "npm:expo-build-properties@~55.0.18",
        "npm:expo-clipboard@~55.0.17",
        "npm:expo-constants@~55.0.17",
        "npm:expo-crypto@~55.0.19",
        "npm:expo-dev-client@~55.0.40",
        "npm:expo-device@~55.0.21",
        "npm:expo-document-picker@~55.0.17",
        "npm:expo-file-system@~55.0.26",
        "npm:expo-font@~55.0.6",
        "npm:expo-haptics@~55.0.18",
        "npm:expo-image-manipulator@~55.0.21",
        "npm:expo-image-picker@~55.0.24",
        "npm:expo-image@~55.0.11",
        "npm:expo-insights@~55.0.21",
        "npm:expo-linear-gradient@~55.0.18",
        "npm:expo-linking@~55.0.17",
        "npm:expo-localization@~55.0.19",
        "npm:expo-location@~55.1.14",
        "npm:expo-module-scripts@^5.0.8",
        "npm:expo-notifications@~55.0.27",
        "npm:expo-router@~55.0.18",
        "npm:expo-secure-store@~55.0.18",
        "npm:expo-sharing@~55.0.24",
        "npm:expo-splash-screen@~55.0.25",
        "npm:expo-status-bar@~55.0.6",
        "npm:expo-symbols@~55.0.9",
        "npm:expo-system-ui@~55.0.22",
        "npm:expo-updates@~55.0.30",
        "npm:expo-video-thumbnails@~55.0.19",
        "npm:expo-video@~55.0.21",
        "npm:expo-web-browser@~55.0.20",
        "npm:expo@~55.0.31",
        "npm:express-rate-limit@^8.2.1",
        "npm:express-session@^1.19.0",
        "npm:express@^5.2.1",
        "npm:fastlane@^0.0.9",
        "npm:jest-environment-node@^30.2.0",
        "npm:jest@29.7",
        "npm:lucide-react-native@0.563",
        "npm:metro-config@~0.83.3",
        "npm:mysql2@^3.16.1",
        "npm:nativewind@^4.2.1",
        "npm:nock@^14.0.10",
        "npm:node-fetch@^2.6.13",
        "npm:npm-check-updates@^19.3.2",
        "npm:patch-package@^8.0.1",
        "npm:pg@^8.17.2",
        "npm:postgres@^3.4.8",
        "npm:posthog-react-native-session-replay@^1.6.0",
        "npm:posthog-react-native@^4.66.0",
        "npm:prettier@^3.8.1",
        "npm:react-dom@19.2.0",
        "npm:react-native-branch@^6.9.0",
        "npm:react-native-bundle-visualizer@^3.1.3",
        "npm:react-native-css-interop@~0.2.1",
        "npm:react-native-gesture-handler@2.30",
        "npm:react-native-get-random-values@1.11",
        "npm:react-native-map-clustering@4",
        "npm:react-native-maps@1.27.2",
        "npm:react-native-modal@^13.0.2",
        "npm:react-native-reanimated-carousel@^4.0.3",
        "npm:react-native-reanimated@4.2.1",
        "npm:react-native-safe-area-context@~5.6.2",
        "npm:react-native-screens@4.23",
        "npm:react-native-svg@15.15.3",
        "npm:react-native-url-polyfill@3",
        "npm:react-native-web@0.21",
        "npm:react-native-webview@13.16.0",
        "npm:react-native-worklets@0.7.4",
        "npm:react-native@0.83.10",
        "npm:react-test-renderer@19.2.0",
        "npm:react@19.2.0",
        "npm:source-map@~0.7.6",
        "npm:sqlite3@^5.1.7",
        "npm:stripe@^20.3.1",
        "npm:supabase@^2.83.0",
        "npm:supertest@^7.2.2",
        "npm:tailwind-merge@^3.4.0",
        "npm:tailwindcss@^3.4.17",
        "npm:ts-jest@^29.4.11",
        "npm:tweetnacl@^1.0.3",
        "npm:typescript@~5.9.3",
        "npm:uuid@13",
        "npm:zod@^4.3.6"
      ],
      "overrides": {}
    },
    "members": {
      "packages/api-client": {
        "packageJson": {
          "dependencies": [
            "npm:@react-native-async-storage/async-storage@^2.2.0",
            "npm:@types/react@^19.2.7",
            "npm:typescript@~5.9.2"
          ]
        }
      },
      "packages/domain-types": {
        "packageJson": {
          "dependencies": [
            "npm:typescript@~5.9.2",
            "npm:zod@^3.25.76"
          ]
        }
      },
      "services/api": {
        "packageJson": {
          "dependencies": [
            "npm:@fastify/multipart@^8.3.1",
            "npm:@fastify/websocket@^10.0.1",
            "npm:@opentelemetry/api@^1.9.0",
            "npm:@opentelemetry/auto-instrumentations-node@~0.67.3",
            "npm:@opentelemetry/exporter-trace-otlp-http@0.209",
            "npm:@opentelemetry/resources@^2.3.0",
            "npm:@opentelemetry/sdk-node@0.209",
            "npm:@opentelemetry/semantic-conventions@^1.38.0",
            "npm:@sentry/node@^10.25.0",
            "npm:@supabase/supabase-js@^2.38.5",
            "npm:@types/express@^5.0.3",
            "npm:@types/jest@30",
            "npm:@types/node-cron@^3.0.11",
            "npm:@types/node@^20.8.10",
            "npm:@types/pg@^8.10.9",
            "npm:@types/ws@^8.18.1",
            "npm:dotenv@^16.3.1",
            "npm:drizzle-kit@~0.31.8",
            "npm:drizzle-orm@~0.45.1",
            "npm:expo-server-sdk@4",
            "npm:fastify@^4.24.3",
            "npm:file-type@^21.3.0",
            "npm:ioredis@^5.9.0",
            "npm:mixpanel@0.19",
            "npm:node-cron@^4.2.1",
            "npm:pg@^8.11.3",
            "npm:pino-http@11",
            "npm:pino-pretty@^13.1.2",
            "npm:pino@^10.1.0",
            "npm:stripe@^18.5.0",
            "npm:tsx@^4.6.0",
            "npm:typescript@~5.9.2",
            "npm:ws@^8.18.3",
            "npm:zod-to-json-schema@^3.25.1",
            "npm:zod@^3.23.8"
          ]
        }
      }
    }
  }
}
